{
  "name": "trajectory-app",
  "version": "1.0.0",
  "lockfileVersion": 1,
  "requires": true,
  "dependencies": {
    "@types/arcgis-js-api": {
      "version": "4.15.0",
      "resolved": "https://registry.npmjs.org/@types/arcgis-js-api/-/arcgis-js-api-4.15.0.tgz",
      "integrity": "sha512-8k3izWm6TBuNgYjYr7k5S9aXpzJ6R51g3HMecQvB4CAD5tgO+kUFn3i1BPnfweAPnrURei9ponU9QL1N5o0BhA==",
      "dev": true
    },
    "@types/chai": {
      "version": "4.2.1",
      "resolved": "https://registry.npmjs.org/@types/chai/-/chai-4.2.1.tgz",
      "integrity": "sha512-LDKlQW/V8bQr5p9aoHye9p7x9faxq0GVeWAkn/Zgyyn848LIAzuR1sHQjGmUBFUpINuGWDG2NTM/ofA2aLMIew==",
      "dev": true
    },
    "dojo-typings": {
      "version": "1.11.9",
      "resolved": "https://registry.npmjs.org/dojo-typings/-/dojo-typings-1.11.9.tgz",
      "integrity": "sha512-mh8w+Mau2Y1QfTEszEAdO7j6ycNhYxF/Ing6nAk1eUg6NxjeT0viVHjICMd9sU3U463vM2G+KfBBK5grk3/Mlw==",
      "dev": true,
      "requires": {
        "@types/chai": "^4.0.4"
      }
    },
    "ecef-utilities": {
      "version": "file:../ecef-utilities",
      "dependencies": {
        "@blakeembrey/deque": {
          "version": "1.0.5",
          "bundled": true
        },
        "@types/chai": {
          "version": "4.2.1",
          "bundled": true
        },
        "@types/mocha": {
          "version": "5.2.7",
          "bundled": true
        },
        "ansi-colors": {
          "version": "3.2.3",
          "bundled": true
        },
        "ansi-regex": {
          "version": "3.0.0",
          "bundled": true
        },
        "ansi-styles": {
          "version": "3.2.1",
          "bundled": true,
          "requires": {
            "color-convert": "^1.9.0"
          }
        },
        "anymatch": {
          "version": "3.1.1",
          "bundled": true,
          "requires": {
            "normalize-path": "^3.0.0",
            "picomatch": "^2.0.4"
          }
        },
        "arg": {
          "version": "4.1.3",
          "bundled": true
        },
        "argparse": {
          "version": "1.0.10",
          "bundled": true,
          "requires": {
            "sprintf-js": "~1.0.2"
          }
        },
        "arrify": {
          "version": "2.0.1",
          "bundled": true
        },
        "assertion-error": {
          "version": "1.1.0",
          "bundled": true
        },
        "balanced-match": {
          "version": "1.0.0",
          "bundled": true
        },
        "binary-extensions": {
          "version": "2.0.0",
          "bundled": true
        },
        "brace-expansion": {
          "version": "1.1.11",
          "bundled": true,
          "requires": {
            "balanced-match": "^1.0.0",
            "concat-map": "0.0.1"
          }
        },
        "braces": {
          "version": "3.0.2",
          "bundled": true,
          "requires": {
            "fill-range": "^7.0.1"
          }
        },
        "browser-stdout": {
          "version": "1.3.1",
          "bundled": true
        },
        "buffer-from": {
          "version": "1.1.1",
          "bundled": true
        },
        "camelcase": {
          "version": "5.3.1",
          "bundled": true
        },
        "chai": {
          "version": "4.2.0",
          "bundled": true,
          "requires": {
            "assertion-error": "^1.1.0",
            "check-error": "^1.0.2",
            "deep-eql": "^3.0.1",
            "get-func-name": "^2.0.0",
            "pathval": "^1.1.0",
            "type-detect": "^4.0.5"
          }
        },
        "chalk": {
          "version": "2.4.2",
          "bundled": true,
          "requires": {
            "ansi-styles": "^3.2.1",
            "escape-string-regexp": "^1.0.5",
            "supports-color": "^5.3.0"
          },
          "dependencies": {
            "supports-color": {
              "version": "5.5.0",
              "bundled": true,
              "requires": {
                "has-flag": "^3.0.0"
              }
            }
          }
        },
        "check-error": {
          "version": "1.0.2",
          "bundled": true
        },
        "chokidar": {
          "version": "3.3.0",
          "bundled": true,
          "requires": {
            "anymatch": "~3.1.1",
            "braces": "~3.0.2",
            "fsevents": "~2.1.1",
            "glob-parent": "~5.1.0",
            "is-binary-path": "~2.1.0",
            "is-glob": "~4.0.1",
            "normalize-path": "~3.0.0",
            "readdirp": "~3.2.0"
          }
        },
        "cliui": {
          "version": "5.0.0",
          "bundled": true,
          "requires": {
            "string-width": "^3.1.0",
            "strip-ansi": "^5.2.0",
            "wrap-ansi": "^5.1.0"
          },
          "dependencies": {
            "ansi-regex": {
              "version": "4.1.0",
              "bundled": true
            },
            "string-width": {
              "version": "3.1.0",
              "bundled": true,
              "requires": {
                "emoji-regex": "^7.0.1",
                "is-fullwidth-code-point": "^2.0.0",
                "strip-ansi": "^5.1.0"
              }
            },
            "strip-ansi": {
              "version": "5.2.0",
              "bundled": true,
              "requires": {
                "ansi-regex": "^4.1.0"
              }
            }
          }
        },
        "color-convert": {
          "version": "1.9.3",
          "bundled": true,
          "requires": {
            "color-name": "1.1.3"
          }
        },
        "color-name": {
          "version": "1.1.3",
          "bundled": true
        },
        "concat-map": {
          "version": "0.0.1",
          "bundled": true
        },
        "cross-spawn": {
          "version": "6.0.5",
          "bundled": true,
          "requires": {
            "nice-try": "^1.0.4",
            "path-key": "^2.0.1",
            "semver": "^5.5.0",
            "shebang-command": "^1.2.0",
            "which": "^1.2.9"
          }
        },
        "debug": {
          "version": "3.2.6",
          "bundled": true,
          "requires": {
            "ms": "^2.1.1"
          }
        },
        "decamelize": {
          "version": "1.2.0",
          "bundled": true
        },
        "deep-eql": {
          "version": "3.0.1",
          "bundled": true,
          "requires": {
            "type-detect": "^4.0.0"
          }
        },
        "define-properties": {
          "version": "1.1.3",
          "bundled": true,
          "requires": {
            "object-keys": "^1.0.12"
          }
        },
        "diff": {
          "version": "3.5.0",
          "bundled": true
        },
        "emoji-regex": {
          "version": "7.0.3",
          "bundled": true
        },
        "error-ex": {
          "version": "1.3.2",
          "bundled": true,
          "requires": {
            "is-arrayish": "^0.2.1"
          }
        },
        "es-abstract": {
          "version": "1.17.5",
          "bundled": true,
          "requires": {
            "es-to-primitive": "^1.2.1",
            "function-bind": "^1.1.1",
            "has": "^1.0.3",
            "has-symbols": "^1.0.1",
            "is-callable": "^1.1.5",
            "is-regex": "^1.0.5",
            "object-inspect": "^1.7.0",
            "object-keys": "^1.1.1",
            "object.assign": "^4.1.0",
            "string.prototype.trimleft": "^2.1.1",
            "string.prototype.trimright": "^2.1.1"
          }
        },
        "es-to-primitive": {
          "version": "1.2.1",
          "bundled": true,
          "requires": {
            "is-callable": "^1.1.4",
            "is-date-object": "^1.0.1",
            "is-symbol": "^1.0.2"
          }
        },
        "escape-string-regexp": {
          "version": "1.0.5",
          "bundled": true
        },
        "esprima": {
          "version": "4.0.1",
          "bundled": true
        },
        "fill-range": {
          "version": "7.0.1",
          "bundled": true,
          "requires": {
            "to-regex-range": "^5.0.1"
          }
        },
        "find-up": {
          "version": "3.0.0",
          "bundled": true,
          "requires": {
            "locate-path": "^3.0.0"
          }
        },
        "flat": {
          "version": "4.1.0",
          "bundled": true,
          "requires": {
            "is-buffer": "~2.0.3"
          }
        },
        "fs.realpath": {
          "version": "1.0.0",
          "bundled": true
        },
        "fsevents": {
          "version": "2.1.3",
          "bundled": true,
          "optional": true
        },
        "function-bind": {
          "version": "1.1.1",
          "bundled": true
        },
        "get-caller-file": {
          "version": "2.0.5",
          "bundled": true
        },
        "get-func-name": {
          "version": "2.0.0",
          "bundled": true
        },
        "glob": {
          "version": "7.1.3",
          "bundled": true,
          "requires": {
            "fs.realpath": "^1.0.0",
            "inflight": "^1.0.4",
            "inherits": "2",
            "minimatch": "^3.0.4",
            "once": "^1.3.0",
            "path-is-absolute": "^1.0.0"
          }
        },
        "glob-parent": {
          "version": "5.1.1",
          "bundled": true,
          "requires": {
            "is-glob": "^4.0.1"
          }
        },
        "graceful-fs": {
          "version": "4.2.4",
          "bundled": true
        },
        "growl": {
          "version": "1.10.5",
          "bundled": true
        },
        "has": {
          "version": "1.0.3",
          "bundled": true,
          "requires": {
            "function-bind": "^1.1.1"
          }
        },
        "has-flag": {
          "version": "3.0.0",
          "bundled": true
        },
        "has-symbols": {
          "version": "1.0.1",
          "bundled": true
        },
        "he": {
          "version": "1.2.0",
          "bundled": true
        },
        "hosted-git-info": {
          "version": "2.8.8",
          "bundled": true
        },
        "ignore": {
          "version": "5.1.4",
          "bundled": true
        },
        "inflight": {
          "version": "1.0.6",
          "bundled": true,
          "requires": {
            "once": "^1.3.0",
            "wrappy": "1"
          }
        },
        "inherits": {
          "version": "2.0.4",
          "bundled": true
        },
        "is-arrayish": {
          "version": "0.2.1",
          "bundled": true
        },
        "is-binary-path": {
          "version": "2.1.0",
          "bundled": true,
          "requires": {
            "binary-extensions": "^2.0.0"
          }
        },
        "is-buffer": {
          "version": "2.0.4",
          "bundled": true
        },
        "is-callable": {
          "version": "1.1.5",
          "bundled": true
        },
        "is-date-object": {
          "version": "1.0.2",
          "bundled": true
        },
        "is-extglob": {
          "version": "2.1.1",
          "bundled": true
        },
        "is-fullwidth-code-point": {
          "version": "2.0.0",
          "bundled": true
        },
        "is-glob": {
          "version": "4.0.1",
          "bundled": true,
          "requires": {
            "is-extglob": "^2.1.1"
          }
        },
        "is-number": {
          "version": "7.0.0",
          "bundled": true
        },
        "is-regex": {
          "version": "1.0.5",
          "bundled": true,
          "requires": {
            "has": "^1.0.3"
          }
        },
        "is-symbol": {
          "version": "1.0.3",
          "bundled": true,
          "requires": {
            "has-symbols": "^1.0.1"
          }
        },
        "isexe": {
          "version": "2.0.0",
          "bundled": true
        },
        "js-yaml": {
          "version": "3.13.1",
          "bundled": true,
          "requires": {
            "argparse": "^1.0.7",
            "esprima": "^4.0.0"
          }
        },
        "json-parse-better-errors": {
          "version": "1.0.2",
          "bundled": true
        },
        "load-json-file": {
          "version": "4.0.0",
          "bundled": true,
          "requires": {
            "graceful-fs": "^4.1.2",
            "parse-json": "^4.0.0",
            "pify": "^3.0.0",
            "strip-bom": "^3.0.0"
          }
        },
        "locate-path": {
          "version": "3.0.0",
          "bundled": true,
          "requires": {
            "p-locate": "^3.0.0",
            "path-exists": "^3.0.0"
          }
        },
        "lodash": {
          "version": "4.17.15",
          "bundled": true
        },
        "log-symbols": {
          "version": "3.0.0",
          "bundled": true,
          "requires": {
            "chalk": "^2.4.2"
          }
        },
        "make-error": {
          "version": "1.3.6",
          "bundled": true
        },
        "memorystream": {
          "version": "0.3.1",
          "bundled": true
        },
        "minimatch": {
          "version": "3.0.4",
          "bundled": true,
          "requires": {
            "brace-expansion": "^1.1.7"
          }
        },
        "minimist": {
          "version": "1.2.5",
          "bundled": true
        },
        "mkdirp": {
          "version": "0.5.5",
          "bundled": true,
          "requires": {
            "minimist": "^1.2.5"
          }
        },
        "mocha": {
          "version": "7.1.2",
          "bundled": true,
          "requires": {
            "ansi-colors": "3.2.3",
            "browser-stdout": "1.3.1",
            "chokidar": "3.3.0",
            "debug": "3.2.6",
            "diff": "3.5.0",
            "escape-string-regexp": "1.0.5",
            "find-up": "3.0.0",
            "glob": "7.1.3",
            "growl": "1.10.5",
            "he": "1.2.0",
            "js-yaml": "3.13.1",
            "log-symbols": "3.0.0",
            "minimatch": "3.0.4",
            "mkdirp": "0.5.5",
            "ms": "2.1.1",
            "node-environment-flags": "1.0.6",
            "object.assign": "4.1.0",
            "strip-json-comments": "2.0.1",
            "supports-color": "6.0.0",
            "which": "1.3.1",
            "wide-align": "1.1.3",
            "yargs": "13.3.2",
            "yargs-parser": "13.1.2",
            "yargs-unparser": "1.6.0"
          }
        },
        "ms": {
          "version": "2.1.1",
          "bundled": true
        },
        "nice-try": {
          "version": "1.0.5",
          "bundled": true
        },
        "node-environment-flags": {
          "version": "1.0.6",
          "bundled": true,
          "requires": {
            "object.getownpropertydescriptors": "^2.0.3",
            "semver": "^5.7.0"
          }
        },
        "normalize-package-data": {
          "version": "2.5.0",
          "bundled": true,
          "requires": {
            "hosted-git-info": "^2.1.4",
            "resolve": "^1.10.0",
            "semver": "2 || 3 || 4 || 5",
            "validate-npm-package-license": "^3.0.1"
          }
        },
        "normalize-path": {
          "version": "3.0.0",
          "bundled": true
        },
        "npm-run-all": {
          "version": "4.1.5",
          "bundled": true,
          "requires": {
            "ansi-styles": "^3.2.1",
            "chalk": "^2.4.1",
            "cross-spawn": "^6.0.5",
            "memorystream": "^0.3.1",
            "minimatch": "^3.0.4",
            "pidtree": "^0.3.0",
            "read-pkg": "^3.0.0",
            "shell-quote": "^1.6.1",
            "string.prototype.padend": "^3.0.0"
          }
        },
        "object-inspect": {
          "version": "1.7.0",
          "bundled": true
        },
        "object-keys": {
          "version": "1.1.1",
          "bundled": true
        },
        "object.assign": {
          "version": "4.1.0",
          "bundled": true,
          "requires": {
            "define-properties": "^1.1.2",
            "function-bind": "^1.1.1",
            "has-symbols": "^1.0.0",
            "object-keys": "^1.0.11"
          }
        },
        "object.getownpropertydescriptors": {
          "version": "2.1.0",
          "bundled": true,
          "requires": {
            "define-properties": "^1.1.3",
            "es-abstract": "^1.17.0-next.1"
          }
        },
        "once": {
          "version": "1.4.0",
          "bundled": true,
          "requires": {
            "wrappy": "1"
          }
        },
        "onchange": {
          "version": "6.1.1",
          "bundled": true,
          "requires": {
            "@blakeembrey/deque": "^1.0.3",
            "arrify": "^2.0.0",
            "chokidar": "^3.0.0",
            "cross-spawn": "^7.0.1",
            "ignore": "^5.1.4",
            "minimist": "^1.2.3",
            "supports-color": "^7.0.0",
            "tree-kill": "^1.2.2"
          },
          "dependencies": {
            "cross-spawn": {
              "version": "7.0.2",
              "bundled": true,
              "requires": {
                "path-key": "^3.1.0",
                "shebang-command": "^2.0.0",
                "which": "^2.0.1"
              }
            },
            "has-flag": {
              "version": "4.0.0",
              "bundled": true
            },
            "path-key": {
              "version": "3.1.1",
              "bundled": true
            },
            "shebang-command": {
              "version": "2.0.0",
              "bundled": true,
              "requires": {
                "shebang-regex": "^3.0.0"
              }
            },
            "shebang-regex": {
              "version": "3.0.0",
              "bundled": true
            },
            "supports-color": {
              "version": "7.1.0",
              "bundled": true,
              "requires": {
                "has-flag": "^4.0.0"
              }
            },
            "which": {
              "version": "2.0.2",
              "bundled": true,
              "requires": {
                "isexe": "^2.0.0"
              }
            }
          }
        },
        "p-limit": {
          "version": "2.3.0",
          "bundled": true,
          "requires": {
            "p-try": "^2.0.0"
          }
        },
        "p-locate": {
          "version": "3.0.0",
          "bundled": true,
          "requires": {
            "p-limit": "^2.0.0"
          }
        },
        "p-try": {
          "version": "2.2.0",
          "bundled": true
        },
        "parse-json": {
          "version": "4.0.0",
          "bundled": true,
          "requires": {
            "error-ex": "^1.3.1",
            "json-parse-better-errors": "^1.0.1"
          }
        },
        "path-exists": {
          "version": "3.0.0",
          "bundled": true
        },
        "path-is-absolute": {
          "version": "1.0.1",
          "bundled": true
        },
        "path-key": {
          "version": "2.0.1",
          "bundled": true
        },
        "path-parse": {
          "version": "1.0.6",
          "bundled": true
        },
        "path-type": {
          "version": "3.0.0",
          "bundled": true,
          "requires": {
            "pify": "^3.0.0"
          }
        },
        "pathval": {
          "version": "1.1.0",
          "bundled": true
        },
        "picomatch": {
          "version": "2.2.2",
          "bundled": true
        },
        "pidtree": {
          "version": "0.3.1",
          "bundled": true
        },
        "pify": {
          "version": "3.0.0",
          "bundled": true
        },
        "read-pkg": {
          "version": "3.0.0",
          "bundled": true,
          "requires": {
            "load-json-file": "^4.0.0",
            "normalize-package-data": "^2.3.2",
            "path-type": "^3.0.0"
          }
        },
        "readdirp": {
          "version": "3.2.0",
          "bundled": true,
          "requires": {
            "picomatch": "^2.0.4"
          }
        },
        "require-directory": {
          "version": "2.1.1",
          "bundled": true
        },
        "require-main-filename": {
          "version": "2.0.0",
          "bundled": true
        },
        "resolve": {
          "version": "1.17.0",
          "bundled": true,
          "requires": {
            "path-parse": "^1.0.6"
          }
        },
        "semver": {
          "version": "5.7.1",
          "bundled": true
        },
        "set-blocking": {
          "version": "2.0.0",
          "bundled": true
        },
        "shebang-command": {
          "version": "1.2.0",
          "bundled": true,
          "requires": {
            "shebang-regex": "^1.0.0"
          }
        },
        "shebang-regex": {
          "version": "1.0.0",
          "bundled": true
        },
        "shell-quote": {
          "version": "1.7.2",
          "bundled": true
        },
        "source-map": {
          "version": "0.6.1",
          "bundled": true
        },
        "source-map-support": {
          "version": "0.5.19",
          "bundled": true,
          "requires": {
            "buffer-from": "^1.0.0",
            "source-map": "^0.6.0"
          }
        },
        "spdx-correct": {
          "version": "3.1.0",
          "bundled": true,
          "requires": {
            "spdx-expression-parse": "^3.0.0",
            "spdx-license-ids": "^3.0.0"
          }
        },
        "spdx-exceptions": {
          "version": "2.3.0",
          "bundled": true
        },
        "spdx-expression-parse": {
          "version": "3.0.0",
          "bundled": true,
          "requires": {
            "spdx-exceptions": "^2.1.0",
            "spdx-license-ids": "^3.0.0"
          }
        },
        "spdx-license-ids": {
          "version": "3.0.5",
          "bundled": true
        },
        "sprintf-js": {
          "version": "1.0.3",
          "bundled": true
        },
        "string-width": {
          "version": "2.1.1",
          "bundled": true,
          "requires": {
            "is-fullwidth-code-point": "^2.0.0",
            "strip-ansi": "^4.0.0"
          }
        },
        "string.prototype.padend": {
          "version": "3.1.0",
          "bundled": true,
          "requires": {
            "define-properties": "^1.1.3",
            "es-abstract": "^1.17.0-next.1"
          }
        },
        "string.prototype.trimend": {
          "version": "1.0.1",
          "bundled": true,
          "requires": {
            "define-properties": "^1.1.3",
            "es-abstract": "^1.17.5"
          }
        },
        "string.prototype.trimleft": {
          "version": "2.1.2",
          "bundled": true,
          "requires": {
            "define-properties": "^1.1.3",
            "es-abstract": "^1.17.5",
            "string.prototype.trimstart": "^1.0.0"
          }
        },
        "string.prototype.trimright": {
          "version": "2.1.2",
          "bundled": true,
          "requires": {
            "define-properties": "^1.1.3",
            "es-abstract": "^1.17.5",
            "string.prototype.trimend": "^1.0.0"
          }
        },
        "string.prototype.trimstart": {
          "version": "1.0.1",
          "bundled": true,
          "requires": {
            "define-properties": "^1.1.3",
            "es-abstract": "^1.17.5"
          }
        },
        "strip-ansi": {
          "version": "4.0.0",
          "bundled": true,
          "requires": {
            "ansi-regex": "^3.0.0"
          }
        },
        "strip-bom": {
          "version": "3.0.0",
          "bundled": true
        },
        "strip-json-comments": {
          "version": "2.0.1",
          "bundled": true
        },
        "supports-color": {
          "version": "6.0.0",
          "bundled": true,
          "requires": {
            "has-flag": "^3.0.0"
          }
        },
        "to-regex-range": {
          "version": "5.0.1",
          "bundled": true,
          "requires": {
            "is-number": "^7.0.0"
          }
        },
        "tree-kill": {
          "version": "1.2.2",
          "bundled": true
        },
        "ts-node": {
          "version": "8.9.1",
          "bundled": true,
          "requires": {
            "arg": "^4.1.0",
            "diff": "^4.0.1",
            "make-error": "^1.1.1",
            "source-map-support": "^0.5.17",
            "yn": "3.1.1"
          },
          "dependencies": {
            "diff": {
              "version": "4.0.2",
              "bundled": true
            }
          }
        },
        "type-detect": {
          "version": "4.0.8",
          "bundled": true
        },
        "typescript": {
          "version": "3.8.3",
          "bundled": true
        },
        "validate-npm-package-license": {
          "version": "3.0.4",
          "bundled": true,
          "requires": {
            "spdx-correct": "^3.0.0",
            "spdx-expression-parse": "^3.0.0"
          }
        },
        "which": {
          "version": "1.3.1",
          "bundled": true,
          "requires": {
            "isexe": "^2.0.0"
          }
        },
        "which-module": {
          "version": "2.0.0",
          "bundled": true
        },
        "wide-align": {
          "version": "1.1.3",
          "bundled": true,
          "requires": {
            "string-width": "^1.0.2 || 2"
          }
        },
        "wrap-ansi": {
          "version": "5.1.0",
          "bundled": true,
          "requires": {
            "ansi-styles": "^3.2.0",
            "string-width": "^3.0.0",
            "strip-ansi": "^5.0.0"
          },
          "dependencies": {
            "ansi-regex": {
              "version": "4.1.0",
              "bundled": true
            },
            "string-width": {
              "version": "3.1.0",
              "bundled": true,
              "requires": {
                "emoji-regex": "^7.0.1",
                "is-fullwidth-code-point": "^2.0.0",
                "strip-ansi": "^5.1.0"
              }
            },
            "strip-ansi": {
              "version": "5.2.0",
              "bundled": true,
              "requires": {
                "ansi-regex": "^4.1.0"
              }
            }
          }
        },
        "wrappy": {
          "version": "1.0.2",
          "bundled": true
        },
        "y18n": {
          "version": "4.0.0",
          "bundled": true
        },
        "yargs": {
          "version": "13.3.2",
          "bundled": true,
          "requires": {
            "cliui": "^5.0.0",
            "find-up": "^3.0.0",
            "get-caller-file": "^2.0.1",
            "require-directory": "^2.1.1",
            "require-main-filename": "^2.0.0",
            "set-blocking": "^2.0.0",
            "string-width": "^3.0.0",
            "which-module": "^2.0.0",
            "y18n": "^4.0.0",
            "yargs-parser": "^13.1.2"
          },
          "dependencies": {
            "ansi-regex": {
              "version": "4.1.0",
              "bundled": true
            },
            "string-width": {
              "version": "3.1.0",
              "bundled": true,
              "requires": {
                "emoji-regex": "^7.0.1",
                "is-fullwidth-code-point": "^2.0.0",
                "strip-ansi": "^5.1.0"
              }
            },
            "strip-ansi": {
              "version": "5.2.0",
              "bundled": true,
              "requires": {
                "ansi-regex": "^4.1.0"
              }
            }
          }
        },
        "yargs-parser": {
          "version": "13.1.2",
          "bundled": true,
          "requires": {
            "camelcase": "^5.0.0",
            "decamelize": "^1.2.0"
          }
        },
        "yargs-unparser": {
          "version": "1.6.0",
          "bundled": true,
          "requires": {
            "flat": "^4.1.0",
            "lodash": "^4.17.15",
            "yargs": "^13.3.0"
          }
        },
        "yn": {
          "version": "3.1.1",
          "bundled": true
        }
      }
    },
    "typescript": {
      "version": "3.8.3",
      "resolved": "https://registry.npmjs.org/typescript/-/typescript-3.8.3.tgz",
      "integrity": "sha512-MYlEfn5VrLNsgudQTVJeNaQFUAI7DkhnOjdpAp4T+ku1TfQClewlbSuTVHiA+8skNBgaf02TL/kLOvig4y3G8w==",
      "dev": true
    }
  }
}
