{
  "name": "trajectory-app",
  "version": "1.0.0",
  "lockfileVersion": 1,
  "requires": true,
  "dependencies": {
    "@types/arcgis-js-api": {
      "version": "4.14.0",
      "resolved": "https://registry.npmjs.org/@types/arcgis-js-api/-/arcgis-js-api-4.14.0.tgz",
      "integrity": "sha512-TGOfVtEpC5mIVqHwZRGS2OLx8D47AsPfUgDw/Z4IdTOOjMY+7/Hd25mu8xPkoEYNKy88jFYD/7eUIZWDBPUvKQ==",
      "dev": true
    },
    "@types/chai": {
      "version": "4.2.1",
      "resolved": "https://registry.npmjs.org/@types/chai/-/chai-4.2.1.tgz",
      "integrity": "sha512-LDKlQW/V8bQr5p9aoHye9p7x9faxq0GVeWAkn/Zgyyn848LIAzuR1sHQjGmUBFUpINuGWDG2NTM/ofA2aLMIew==",
      "dev": true
    },
    "dojo-typings": {
      "version": "1.11.9",
      "resolved": "https://registry.npmjs.org/dojo-typings/-/dojo-typings-1.11.9.tgz",
      "integrity": "sha512-mh8w+Mau2Y1QfTEszEAdO7j6ycNhYxF/Ing6nAk1eUg6NxjeT0viVHjICMd9sU3U463vM2G+KfBBK5grk3/Mlw==",
      "dev": true,
      "requires": {
        "@types/chai": "^4.0.4"
      }
    },
    "typescript": {
      "version": "3.8.3",
      "resolved": "https://registry.npmjs.org/typescript/-/typescript-3.8.3.tgz",
      "integrity": "sha512-MYlEfn5VrLNsgudQTVJeNaQFUAI7DkhnOjdpAp4T+ku1TfQClewlbSuTVHiA+8skNBgaf02TL/kLOvig4y3G8w==",
      "dev": true
    }
  }
}
